
Microsoft Visual Studio Solution File, Format Version 12.00
# Visual Studio Version 17
VisualStudioVersion = 17.6.33815.320
MinimumVisualStudioVersion = 10.0.40219.1
Project("{FAE04EC0-301F-11D3-BF4B-00C04F79EFBC}") = "ScrapBookAPI", "ScrapBookAPI\ScrapBookAPI.csproj", "{3BF67144-C5F5-4943-B7C2-3AFAF869A97C}"
EndProject
Project("{FAE04EC0-301F-11D3-BF4B-00C04F79EFBC}") = "ScrapBookApp", "ScrapBookApp\ScrapBookApp.csproj", "{0F73C745-5BA0-4297-901D-DF833C89DDEC}"
EndProject
Global
	GlobalSection(SolutionConfigurationPlatforms) = preSolution
		Debug|Any CPU = Debug|Any CPU
		Release|Any CPU = Release|Any CPU
	EndGlobalSection
	GlobalSection(ProjectConfigurationPlatforms) = postSolution
		{3BF67144-C5F5-4943-B7C2-3AFAF869A97C}.Debug|Any CPU.ActiveCfg = Debug|Any CPU
		{3BF67144-C5F5-4943-B7C2-3AFAF869A97C}.Debug|Any CPU.Build.0 = Debug|Any CPU
		{3BF67144-C5F5-4943-B7C2-3AFAF869A97C}.Release|Any CPU.ActiveCfg = Release|Any CPU
		{3BF67144-C5F5-4943-B7C2-3AFAF869A97C}.Release|Any CPU.Build.0 = Release|Any CPU
		{0F73C745-5BA0-4297-901D-DF833C89DDEC}.Debug|Any CPU.ActiveCfg = Debug|Any CPU
		{0F73C745-5BA0-4297-901D-DF833C89DDEC}.Debug|Any CPU.Build.0 = Debug|Any CPU
		{0F73C745-5BA0-4297-901D-DF833C89DDEC}.Debug|Any CPU.Deploy.0 = Debug|Any CPU
		{0F73C745-5BA0-4297-901D-DF833C89DDEC}.Release|Any CPU.ActiveCfg = Release|Any CPU
		{0F73C745-5BA0-4297-901D-DF833C89DDEC}.Release|Any CPU.Build.0 = Release|Any CPU
		{0F73C745-5BA0-4297-901D-DF833C89DDEC}.Release|Any CPU.Deploy.0 = Release|Any CPU
	EndGlobalSection
	GlobalSection(SolutionProperties) = preSolution
		HideSolutionNode = FALSE
	EndGlobalSection
	GlobalSection(ExtensibilityGlobals) = postSolution
		SolutionGuid = {5EE1803B-1781-4EF5-9A2F-06A0A41AEBB8}
	EndGlobalSection
EndGlobal
